
Microsoft Visual Studio Solution File, Format Version 12.00
# Visual Studio 15
VisualStudioVersion = 15.0.28307.421
MinimumVisualStudioVersion = 10.0.40219.1
Project("{00D1A9C2-B5F0-4AF3-8072-F6C62B433612}") = "DatabaseMail", "DatabaseEmail\DatabaseMail.sqlproj", "{B241561E-C29E-4B07-B665-8617250864A5}"
EndProject
Project("{9A19103F-16F7-4668-BE54-9A1E7A4F7556}") = "MailsService", "EmailService\MailsService.csproj", "{85345793-3C4A-49FF-A479-2EBFBA6317C0}"
EndProject
Project("{9A19103F-16F7-4668-BE54-9A1E7A4F7556}") = "SenderService", "SenderService\SenderService.csproj", "{2574C6CC-3171-473A-8332-A90DEA8F1CCF}"
EndProject
Project("{9A19103F-16F7-4668-BE54-9A1E7A4F7556}") = "XUnitTestMailService", "XUnitTestMailService\XUnitTestMailService.csproj", "{19727D05-D39E-495F-9F52-8E90D6BECBBB}"
EndProject
Project("{FAE04EC0-301F-11D3-BF4B-00C04F79EFBC}") = "Contract", "Contract\Contract.csproj", "{FBAF4490-66EB-4E6D-8FE8-4677EBD2F5F9}"
EndProject
Global
	GlobalSection(SolutionConfigurationPlatforms) = preSolution
		Debug|Any CPU = Debug|Any CPU
		Release|Any CPU = Release|Any CPU
	EndGlobalSection
	GlobalSection(ProjectConfigurationPlatforms) = postSolution
		{B241561E-C29E-4B07-B665-8617250864A5}.Debug|Any CPU.ActiveCfg = Debug|Any CPU
		{B241561E-C29E-4B07-B665-8617250864A5}.Debug|Any CPU.Build.0 = Debug|Any CPU
		{B241561E-C29E-4B07-B665-8617250864A5}.Debug|Any CPU.Deploy.0 = Debug|Any CPU
		{B241561E-C29E-4B07-B665-8617250864A5}.Release|Any CPU.ActiveCfg = Release|Any CPU
		{B241561E-C29E-4B07-B665-8617250864A5}.Release|Any CPU.Build.0 = Release|Any CPU
		{B241561E-C29E-4B07-B665-8617250864A5}.Release|Any CPU.Deploy.0 = Release|Any CPU
		{85345793-3C4A-49FF-A479-2EBFBA6317C0}.Debug|Any CPU.ActiveCfg = Debug|Any CPU
		{85345793-3C4A-49FF-A479-2EBFBA6317C0}.Debug|Any CPU.Build.0 = Debug|Any CPU
		{85345793-3C4A-49FF-A479-2EBFBA6317C0}.Release|Any CPU.ActiveCfg = Release|Any CPU
		{85345793-3C4A-49FF-A479-2EBFBA6317C0}.Release|Any CPU.Build.0 = Release|Any CPU
		{2574C6CC-3171-473A-8332-A90DEA8F1CCF}.Debug|Any CPU.ActiveCfg = Debug|Any CPU
		{2574C6CC-3171-473A-8332-A90DEA8F1CCF}.Debug|Any CPU.Build.0 = Debug|Any CPU
		{2574C6CC-3171-473A-8332-A90DEA8F1CCF}.Release|Any CPU.ActiveCfg = Release|Any CPU
		{2574C6CC-3171-473A-8332-A90DEA8F1CCF}.Release|Any CPU.Build.0 = Release|Any CPU
		{19727D05-D39E-495F-9F52-8E90D6BECBBB}.Debug|Any CPU.ActiveCfg = Debug|Any CPU
		{19727D05-D39E-495F-9F52-8E90D6BECBBB}.Debug|Any CPU.Build.0 = Debug|Any CPU
		{19727D05-D39E-495F-9F52-8E90D6BECBBB}.Release|Any CPU.ActiveCfg = Release|Any CPU
		{19727D05-D39E-495F-9F52-8E90D6BECBBB}.Release|Any CPU.Build.0 = Release|Any CPU
		{FBAF4490-66EB-4E6D-8FE8-4677EBD2F5F9}.Debug|Any CPU.ActiveCfg = Debug|Any CPU
		{FBAF4490-66EB-4E6D-8FE8-4677EBD2F5F9}.Debug|Any CPU.Build.0 = Debug|Any CPU
		{FBAF4490-66EB-4E6D-8FE8-4677EBD2F5F9}.Release|Any CPU.ActiveCfg = Release|Any CPU
		{FBAF4490-66EB-4E6D-8FE8-4677EBD2F5F9}.Release|Any CPU.Build.0 = Release|Any CPU
	EndGlobalSection
	GlobalSection(SolutionProperties) = preSolution
		HideSolutionNode = FALSE
	EndGlobalSection
	GlobalSection(ExtensibilityGlobals) = postSolution
		SolutionGuid = {0EB8FD3D-14CE-4853-B571-F919A01A58C2}
	EndGlobalSection
EndGlobal
